// !$*UTF8*$!
{
	archiveVersion = 1;
	classes = {
	};
	objectVersion = 56;
	objects = {

/* Begin PBXBuildFile section */
		820BC8672B24EA4C0010771F /* CoinType.swift in Sources */ = {isa = PBXBuildFile; fileRef = 820BC8662B24EA4C0010771F /* CoinType.swift */; };
		820BC8692B24ED740010771F /* Coin.swift in Sources */ = {isa = PBXBuildFile; fileRef = 820BC8682B24ED740010771F /* Coin.swift */; };
		820BC86B2B24EDAD0010771F /* CoinCapPriceService.swift in Sources */ = {isa = PBXBuildFile; fileRef = 820BC86A2B24EDAD0010771F /* CoinCapPriceService.swift */; };
		820BC86D2B2515150010771F /* MenuBarCoinViewModel.swift in Sources */ = {isa = PBXBuildFile; fileRef = 820BC86C2B2515150010771F /* MenuBarCoinViewModel.swift */; };
		820BC86F2B251BC50010771F /* PopoverCoinViewModel.swift in Sources */ = {isa = PBXBuildFile; fileRef = 820BC86E2B251BC50010771F /* PopoverCoinViewModel.swift */; };
		824C9E472B24CF3F00AB9420 /* Crypto_PulseApp.swift in Sources */ = {isa = PBXBuildFile; fileRef = 824C9E462B24CF3F00AB9420 /* Crypto_PulseApp.swift */; };
		824C9E4B2B24CF4000AB9420 /* Assets.xcassets in Resources */ = {isa = PBXBuildFile; fileRef = 824C9E4A2B24CF4000AB9420 /* Assets.xcassets */; };
		824C9E4E2B24CF4000AB9420 /* Preview Assets.xcassets in Resources */ = {isa = PBXBuildFile; fileRef = 824C9E4D2B24CF4000AB9420 /* Preview Assets.xcassets */; };
		824C9E562B24D00C00AB9420 /* AppDelegate.swift in Sources */ = {isa = PBXBuildFile; fileRef = 824C9E552B24D00C00AB9420 /* AppDelegate.swift */; };
		824C9E582B24D31E00AB9420 /* MenuBarCoinView.swift in Sources */ = {isa = PBXBuildFile; fileRef = 824C9E572B24D31E00AB9420 /* MenuBarCoinView.swift */; };
		824C9E5C2B24DD9A00AB9420 /* PopoverCoinView.swift in Sources */ = {isa = PBXBuildFile; fileRef = 824C9E5B2B24DD9A00AB9420 /* PopoverCoinView.swift */; };
/* End PBXBuildFile section */

/* Begin PBXFileReference section */
		820BC8662B24EA4C0010771F /* CoinType.swift */ = {isa = PBXFileReference; lastKnownFileType = sourcecode.swift; path = CoinType.swift; sourceTree = "<group>"; };
		820BC8682B24ED740010771F /* Coin.swift */ = {isa = PBXFileReference; lastKnownFileType = sourcecode.swift; path = Coin.swift; sourceTree = "<group>"; };
		820BC86A2B24EDAD0010771F /* CoinCapPriceService.swift */ = {isa = PBXFileReference; lastKnownFileType = sourcecode.swift; path = CoinCapPriceService.swift; sourceTree = "<group>"; };
		820BC86C2B2515150010771F /* MenuBarCoinViewModel.swift */ = {isa = PBXFileReference; lastKnownFileType = sourcecode.swift; path = MenuBarCoinViewModel.swift; sourceTree = "<group>"; };
		820BC86E2B251BC50010771F /* PopoverCoinViewModel.swift */ = {isa = PBXFileReference; lastKnownFileType = sourcecode.swift; path = PopoverCoinViewModel.swift; sourceTree = "<group>"; };
		824C9E432B24CF3F00AB9420 /* Crypto Pulse.app */ = {isa = PBXFileReference; explicitFileType = wrapper.application; includeInIndex = 0; path = "Crypto Pulse.app"; sourceTree = BUILT_PRODUCTS_DIR; };
		824C9E462B24CF3F00AB9420 /* Crypto_PulseApp.swift */ = {isa = PBXFileReference; lastKnownFileType = sourcecode.swift; path = Crypto_PulseApp.swift; sourceTree = "<group>"; };
		824C9E4A2B24CF4000AB9420 /* Assets.xcassets */ = {isa = PBXFileReference; lastKnownFileType = folder.assetcatalog; path = Assets.xcassets; sourceTree = "<group>"; };
		824C9E4D2B24CF4000AB9420 /* Preview Assets.xcassets */ = {isa = PBXFileReference; lastKnownFileType = folder.assetcatalog; path = "Preview Assets.xcassets"; sourceTree = "<group>"; };
		824C9E4F2B24CF4000AB9420 /* Crypto_Pulse.entitlements */ = {isa = PBXFileReference; lastKnownFileType = text.plist.entitlements; path = Crypto_Pulse.entitlements; sourceTree = "<group>"; };
		824C9E552B24D00C00AB9420 /* AppDelegate.swift */ = {isa = PBXFileReference; lastKnownFileType = sourcecode.swift; path = AppDelegate.swift; sourceTree = "<group>"; };
		824C9E572B24D31E00AB9420 /* MenuBarCoinView.swift */ = {isa = PBXFileReference; lastKnownFileType = sourcecode.swift; path = MenuBarCoinView.swift; sourceTree = "<group>"; };
		824C9E5B2B24DD9A00AB9420 /* PopoverCoinView.swift */ = {isa = PBXFileReference; lastKnownFileType = sourcecode.swift; path = PopoverCoinView.swift; sourceTree = "<group>"; };
/* End PBXFileReference section */

/* Begin PBXFrameworksBuildPhase section */
		824C9E402B24CF3F00AB9420 /* Frameworks */ = {
			isa = PBXFrameworksBuildPhase;
			buildActionMask = 2147483647;
			files = (
			);
			runOnlyForDeploymentPostprocessing = 0;
		};
/* End PBXFrameworksBuildPhase section */

/* Begin PBXGroup section */
		824C9E3A2B24CF3F00AB9420 = {
			isa = PBXGroup;
			children = (
				824C9E452B24CF3F00AB9420 /* Crypto Pulse */,
				824C9E442B24CF3F00AB9420 /* Products */,
			);
			sourceTree = "<group>";
		};
		824C9E442B24CF3F00AB9420 /* Products */ = {
			isa = PBXGroup;
			children = (
				824C9E432B24CF3F00AB9420 /* Crypto Pulse.app */,
			);
			name = Products;
			sourceTree = "<group>";
		};
		824C9E452B24CF3F00AB9420 /* Crypto Pulse */ = {
			isa = PBXGroup;
			children = (
				824C9E462B24CF3F00AB9420 /* Crypto_PulseApp.swift */,
				824C9E4A2B24CF4000AB9420 /* Assets.xcassets */,
				824C9E4F2B24CF4000AB9420 /* Crypto_Pulse.entitlements */,
				824C9E4C2B24CF4000AB9420 /* Preview Content */,
				824C9E552B24D00C00AB9420 /* AppDelegate.swift */,
				824C9E572B24D31E00AB9420 /* MenuBarCoinView.swift */,
				824C9E5B2B24DD9A00AB9420 /* PopoverCoinView.swift */,
				820BC8662B24EA4C0010771F /* CoinType.swift */,
				820BC8682B24ED740010771F /* Coin.swift */,
				820BC86A2B24EDAD0010771F /* CoinCapPriceService.swift */,
				820BC86C2B2515150010771F /* MenuBarCoinViewModel.swift */,
				820BC86E2B251BC50010771F /* PopoverCoinViewModel.swift */,
			);
			path = "Crypto Pulse";
			sourceTree = "<group>";
		};
		824C9E4C2B24CF4000AB9420 /* Preview Content */ = {
			isa = PBXGroup;
			children = (
				824C9E4D2B24CF4000AB9420 /* Preview Assets.xcassets */,
			);
			path = "Preview Content";
			sourceTree = "<group>";
		};
/* End PBXGroup section */

/* Begin PBXNativeTarget section */
		824C9E422B24CF3F00AB9420 /* Crypto Pulse */ = {
			isa = PBXNativeTarget;
			buildConfigurationList = 824C9E522B24CF4000AB9420 /* Build configuration list for PBXNativeTarget "Crypto Pulse" */;
			buildPhases = (
				824C9E3F2B24CF3F00AB9420 /* Sources */,
				824C9E402B24CF3F00AB9420 /* Frameworks */,
				824C9E412B24CF3F00AB9420 /* Resources */,
			);
			buildRules = (
			);
			dependencies = (
			);
			name = "Crypto Pulse";
			productName = "Crypto Pulse";
			productReference = 824C9E432B24CF3F00AB9420 /* Crypto Pulse.app */;
			productType = "com.apple.product-type.application";
		};
/* End PBXNativeTarget section */

/* Begin PBXProject section */
		824C9E3B2B24CF3F00AB9420 /* Project object */ = {
			isa = PBXProject;
			attributes = {
				BuildIndependentTargetsInParallel = 1;
				LastSwiftUpdateCheck = 1500;
				LastUpgradeCheck = 1500;
				TargetAttributes = {
					824C9E422B24CF3F00AB9420 = {
						CreatedOnToolsVersion = 15.0.1;
					};
				};
			};
			buildConfigurationList = 824C9E3E2B24CF3F00AB9420 /* Build configuration list for PBXProject "Crypto Pulse" */;
			compatibilityVersion = "Xcode 14.0";
			developmentRegion = en;
			hasScannedForEncodings = 0;
			knownRegions = (
				en,
				Base,
			);
			mainGroup = 824C9E3A2B24CF3F00AB9420;
			productRefGroup = 824C9E442B24CF3F00AB9420 /* Products */;
			projectDirPath = "";
			projectRoot = "";
			targets = (
				824C9E422B24CF3F00AB9420 /* Crypto Pulse */,
			);
		};
/* End PBXProject section */

/* Begin PBXResourcesBuildPhase section */
		824C9E412B24CF3F00AB9420 /* Resources */ = {
			isa = PBXResourcesBuildPhase;
			buildActionMask = 2147483647;
			files = (
				824C9E4E2B24CF4000AB9420 /* Preview Assets.xcassets in Resources */,
				824C9E4B2B24CF4000AB9420 /* Assets.xcassets in Resources */,
			);
			runOnlyForDeploymentPostprocessing = 0;
		};
/* End PBXResourcesBuildPhase section */

/* Begin PBXSourcesBuildPhase section */
		824C9E3F2B24CF3F00AB9420 /* Sources */ = {
			isa = PBXSourcesBuildPhase;
			buildActionMask = 2147483647;
			files = (
				820BC8692B24ED740010771F /* Coin.swift in Sources */,
				820BC86B2B24EDAD0010771F /* CoinCapPriceService.swift in Sources */,
				820BC8672B24EA4C0010771F /* CoinType.swift in Sources */,
				820BC86F2B251BC50010771F /* PopoverCoinViewModel.swift in Sources */,
				824C9E582B24D31E00AB9420 /* MenuBarCoinView.swift in Sources */,
				820BC86D2B2515150010771F /* MenuBarCoinViewModel.swift in Sources */,
				824C9E562B24D00C00AB9420 /* AppDelegate.swift in Sources */,
				824C9E472B24CF3F00AB9420 /* Crypto_PulseApp.swift in Sources */,
				824C9E5C2B24DD9A00AB9420 /* PopoverCoinView.swift in Sources */,
			);
			runOnlyForDeploymentPostprocessing = 0;
		};
/* End PBXSourcesBuildPhase section */

/* Begin XCBuildConfiguration section */
		824C9E502B24CF4000AB9420 /* Debug */ = {
			isa = XCBuildConfiguration;
			buildSettings = {
				ALWAYS_SEARCH_USER_PATHS = NO;
				ASSETCATALOG_COMPILER_GENERATE_SWIFT_ASSET_SYMBOL_EXTENSIONS = YES;
				CLANG_ANALYZER_NONNULL = YES;
				CLANG_ANALYZER_NUMBER_OBJECT_CONVERSION = YES_AGGRESSIVE;
				CLANG_CXX_LANGUAGE_STANDARD = "gnu++20";
				CLANG_ENABLE_MODULES = YES;
				CLANG_ENABLE_OBJC_ARC = YES;
				CLANG_ENABLE_OBJC_WEAK = YES;
				CLANG_WARN_BLOCK_CAPTURE_AUTORELEASING = YES;
				CLANG_WARN_BOOL_CONVERSION = YES;
				CLANG_WARN_COMMA = YES;
				CLANG_WARN_CONSTANT_CONVERSION = YES;
				CLANG_WARN_DEPRECATED_OBJC_IMPLEMENTATIONS = YES;
				CLANG_WARN_DIRECT_OBJC_ISA_USAGE = YES_ERROR;
				CLANG_WARN_DOCUMENTATION_COMMENTS = YES;
				CLANG_WARN_EMPTY_BODY = YES;
				CLANG_WARN_ENUM_CONVERSION = YES;
				CLANG_WARN_INFINITE_RECURSION = YES;
				CLANG_WARN_INT_CONVERSION = YES;
				CLANG_WARN_NON_LITERAL_NULL_CONVERSION = YES;
				CLANG_WARN_OBJC_IMPLICIT_RETAIN_SELF = YES;
				CLANG_WARN_OBJC_LITERAL_CONVERSION = YES;
				CLANG_WARN_OBJC_ROOT_CLASS = YES_ERROR;
				CLANG_WARN_QUOTED_INCLUDE_IN_FRAMEWORK_HEADER = YES;
				CLANG_WARN_RANGE_LOOP_ANALYSIS = YES;
				CLANG_WARN_STRICT_PROTOTYPES = YES;
				CLANG_WARN_SUSPICIOUS_MOVE = YES;
				CLANG_WARN_UNGUARDED_AVAILABILITY = YES_AGGRESSIVE;
				CLANG_WARN_UNREACHABLE_CODE = YES;
				CLANG_WARN__DUPLICATE_METHOD_MATCH = YES;
				COPY_PHASE_STRIP = NO;
				DEBUG_INFORMATION_FORMAT = dwarf;
				ENABLE_STRICT_OBJC_MSGSEND = YES;
				ENABLE_TESTABILITY = YES;
				ENABLE_USER_SCRIPT_SANDBOXING = YES;
				GCC_C_LANGUAGE_STANDARD = gnu17;
				GCC_DYNAMIC_NO_PIC = NO;
				GCC_NO_COMMON_BLOCKS = YES;
				GCC_OPTIMIZATION_LEVEL = 0;
				GCC_PREPROCESSOR_DEFINITIONS = (
					"DEBUG=1",
					"$(inherited)",
				);
				GCC_WARN_64_TO_32_BIT_CONVERSION = YES;
				GCC_WARN_ABOUT_RETURN_TYPE = YES_ERROR;
				GCC_WARN_UNDECLARED_SELECTOR = YES;
				GCC_WARN_UNINITIALIZED_AUTOS = YES_AGGRESSIVE;
				GCC_WARN_UNUSED_FUNCTION = YES;
				GCC_WARN_UNUSED_VARIABLE = YES;
				LOCALIZATION_PREFERS_STRING_CATALOGS = YES;
				MACOSX_DEPLOYMENT_TARGET = 14.0;
				MTL_ENABLE_DEBUG_INFO = INCLUDE_SOURCE;
				MTL_FAST_MATH = YES;
				ONLY_ACTIVE_ARCH = YES;
				SDKROOT = macosx;
				SWIFT_ACTIVE_COMPILATION_CONDITIONS = "DEBUG $(inherited)";
				SWIFT_OPTIMIZATION_LEVEL = "-Onone";
			};
			name = Debug;
		};
		824C9E512B24CF4000AB9420 /* Release */ = {
			isa = XCBuildConfiguration;
			buildSettings = {
				ALWAYS_SEARCH_USER_PATHS = NO;
				ASSETCATALOG_COMPILER_GENERATE_SWIFT_ASSET_SYMBOL_EXTENSIONS = YES;
				CLANG_ANALYZER_NONNULL = YES;
				CLANG_ANALYZER_NUMBER_OBJECT_CONVERSION = YES_AGGRESSIVE;
				CLANG_CXX_LANGUAGE_STANDARD = "gnu++20";
				CLANG_ENABLE_MODULES = YES;
				CLANG_ENABLE_OBJC_ARC = YES;
				CLANG_ENABLE_OBJC_WEAK = YES;
				CLANG_WARN_BLOCK_CAPTURE_AUTORELEASING = YES;
				CLANG_WARN_BOOL_CONVERSION = YES;
				CLANG_WARN_COMMA = YES;
				CLANG_WARN_CONSTANT_CONVERSION = YES;
				CLANG_WARN_DEPRECATED_OBJC_IMPLEMENTATIONS = YES;
				CLANG_WARN_DIRECT_OBJC_ISA_USAGE = YES_ERROR;
				CLANG_WARN_DOCUMENTATION_COMMENTS = YES;
				CLANG_WARN_EMPTY_BODY = YES;
				CLANG_WARN_ENUM_CONVERSION = YES;
				CLANG_WARN_INFINITE_RECURSION = YES;
				CLANG_WARN_INT_CONVERSION = YES;
				CLANG_WARN_NON_LITERAL_NULL_CONVERSION = YES;
				CLANG_WARN_OBJC_IMPLICIT_RETAIN_SELF = YES;
				CLANG_WARN_OBJC_LITERAL_CONVERSION = YES;
				CLANG_WARN_OBJC_ROOT_CLASS = YES_ERROR;
				CLANG_WARN_QUOTED_INCLUDE_IN_FRAMEWORK_HEADER = YES;
				CLANG_WARN_RANGE_LOOP_ANALYSIS = YES;
				CLANG_WARN_STRICT_PROTOTYPES = YES;
				CLANG_WARN_SUSPICIOUS_MOVE = YES;
				CLANG_WARN_UNGUARDED_AVAILABILITY = YES_AGGRESSIVE;
				CLANG_WARN_UNREACHABLE_CODE = YES;
				CLANG_WARN__DUPLICATE_METHOD_MATCH = YES;
				COPY_PHASE_STRIP = NO;
				DEBUG_INFORMATION_FORMAT = "dwarf-with-dsym";
				ENABLE_NS_ASSERTIONS = NO;
				ENABLE_STRICT_OBJC_MSGSEND = YES;
				ENABLE_USER_SCRIPT_SANDBOXING = YES;
				GCC_C_LANGUAGE_STANDARD = gnu17;
				GCC_NO_COMMON_BLOCKS = YES;
				GCC_WARN_64_TO_32_BIT_CONVERSION = YES;
				GCC_WARN_ABOUT_RETURN_TYPE = YES_ERROR;
				GCC_WARN_UNDECLARED_SELECTOR = YES;
				GCC_WARN_UNINITIALIZED_AUTOS = YES_AGGRESSIVE;
				GCC_WARN_UNUSED_FUNCTION = YES;
				GCC_WARN_UNUSED_VARIABLE = YES;
				LOCALIZATION_PREFERS_STRING_CATALOGS = YES;
				MACOSX_DEPLOYMENT_TARGET = 14.0;
				MTL_ENABLE_DEBUG_INFO = NO;
				MTL_FAST_MATH = YES;
				SDKROOT = macosx;
				SWIFT_COMPILATION_MODE = wholemodule;
			};
			name = Release;
		};
		824C9E532B24CF4000AB9420 /* Debug */ = {
			isa = XCBuildConfiguration;
			buildSettings = {
				ASSETCATALOG_COMPILER_APPICON_NAME = AppIcon;
				ASSETCATALOG_COMPILER_GLOBAL_ACCENT_COLOR_NAME = AccentColor;
				CODE_SIGN_ENTITLEMENTS = "Crypto Pulse/Crypto_Pulse.entitlements";
				CODE_SIGN_STYLE = Automatic;
				COMBINE_HIDPI_IMAGES = YES;
				CURRENT_PROJECT_VERSION = 1;
				DEVELOPMENT_ASSET_PATHS = "\"Crypto Pulse/Preview Content\"";
				DEVELOPMENT_TEAM = G5K7Q52Z23;
				ENABLE_HARDENED_RUNTIME = YES;
				ENABLE_PREVIEWS = YES;
				GENERATE_INFOPLIST_FILE = YES;
				INFOPLIST_KEY_LSUIElement = YES;
				INFOPLIST_KEY_NSHumanReadableCopyright = "";
				LD_RUNPATH_SEARCH_PATHS = (
					"$(inherited)",
					"@executable_path/../Frameworks",
				);
				MARKETING_VERSION = 1.0;
				PRODUCT_BUNDLE_IDENTIFIER = "com.nephthalisalam.Crypto-Pulse";
				PRODUCT_NAME = "$(TARGET_NAME)";
				SWIFT_EMIT_LOC_STRINGS = YES;
				SWIFT_VERSION = 5.0;
			};
			name = Debug;
		};
		824C9E542B24CF4000AB9420 /* Release */ = {
			isa = XCBuildConfiguration;
			buildSettings = {
				ASSETCATALOG_COMPILER_APPICON_NAME = AppIcon;
				ASSETCATALOG_COMPILER_GLOBAL_ACCENT_COLOR_NAME = AccentColor;
				CODE_SIGN_ENTITLEMENTS = "Crypto Pulse/Crypto_Pulse.entitlements";
				CODE_SIGN_STYLE = Automatic;
				COMBINE_HIDPI_IMAGES = YES;
				CURRENT_PROJECT_VERSION = 1;
				DEVELOPMENT_ASSET_PATHS = "\"Crypto Pulse/Preview Content\"";
				DEVELOPMENT_TEAM = G5K7Q52Z23;
				ENABLE_HARDENED_RUNTIME = YES;
				ENABLE_PREVIEWS = YES;
				GENERATE_INFOPLIST_FILE = YES;
				INFOPLIST_KEY_LSUIElement = YES;
				INFOPLIST_KEY_NSHumanReadableCopyright = "";
				LD_RUNPATH_SEARCH_PATHS = (
					"$(inherited)",
					"@executable_path/../Frameworks",
				);
				MARKETING_VERSION = 1.0;
				PRODUCT_BUNDLE_IDENTIFIER = "com.nephthalisalam.Crypto-Pulse";
				PRODUCT_NAME = "$(TARGET_NAME)";
				SWIFT_EMIT_LOC_STRINGS = YES;
				SWIFT_VERSION = 5.0;
			};
			name = Release;
		};
/* End XCBuildConfiguration section */

/* Begin XCConfigurationList section */
		824C9E3E2B24CF3F00AB9420 /* Build configuration list for PBXProject "Crypto Pulse" */ = {
			isa = XCConfigurationList;
			buildConfigurations = (
				824C9E502B24CF4000AB9420 /* Debug */,
				824C9E512B24CF4000AB9420 /* Release */,
			);
			defaultConfigurationIsVisible = 0;
			defaultConfigurationName = Release;
		};
		824C9E522B24CF4000AB9420 /* Build configuration list for PBXNativeTarget "Crypto Pulse" */ = {
			isa = XCConfigurationList;
			buildConfigurations = (
				824C9E532B24CF4000AB9420 /* Debug */,
				824C9E542B24CF4000AB9420 /* Release */,
			);
			defaultConfigurationIsVisible = 0;
			defaultConfigurationName = Release;
		};
/* End XCConfigurationList section */
	};
	rootObject = 824C9E3B2B24CF3F00AB9420 /* Project object */;
}
